# This file is automatically @generated by Cargo.
# It is not intended for manual editing.
version = 4

[[package]]
name = "gregorian"
version = "0.2.4"
source = "registry+https://github.com/rust-lang/crates.io-index"
checksum = "18888aec42cda8438d991d59b05e5ffa1a9799b1df634346672b1fac7eb02354"
dependencies = [
 "libc",
]

[[package]]
name = "libc"
version = "0.2.180"
source = "registry+https://github.com/rust-lang/crates.io-index"
checksum = "bcc35a38544a891a5f7c865aca548a982ccb3b8650a5b06d0fd33a10283c56fc"

[[package]]
name = "pi"
version = "0.1.0"
dependencies = [
 "gregorian",
]
